
Microsoft Visual Studio Solution File, Format Version 12.00
# Visual Studio Version 17
VisualStudioVersion = 17.5.33414.496
MinimumVisualStudioVersion = 10.0.40219.1
Project("{FAE04EC0-301F-11D3-BF4B-00C04F79EFBC}") = "JavaProject---Server", "JavaProject---Server.csproj", "{503164C6-7BFC-4C15-B8BD-C1F25C7466F6}"
EndProject
Global
	GlobalSection(SolutionConfigurationPlatforms) = preSolution
		Debug|Any CPU = Debug|Any CPU
		Release|Any CPU = Release|Any CPU
	EndGlobalSection
	GlobalSection(ProjectConfigurationPlatforms) = postSolution
		{503164C6-7BFC-4C15-B8BD-C1F25C7466F6}.Debug|Any CPU.ActiveCfg = Debug|Any CPU
		{503164C6-7BFC-4C15-B8BD-C1F25C7466F6}.Debug|Any CPU.Build.0 = Debug|Any CPU
		{503164C6-7BFC-4C15-B8BD-C1F25C7466F6}.Release|Any CPU.ActiveCfg = Release|Any CPU
		{503164C6-7BFC-4C15-B8BD-C1F25C7466F6}.Release|Any CPU.Build.0 = Release|Any CPU
	EndGlobalSection
	GlobalSection(SolutionProperties) = preSolution
		HideSolutionNode = FALSE
	EndGlobalSection
	GlobalSection(ExtensibilityGlobals) = postSolution
		SolutionGuid = {47CD1409-A1DA-4E36-BA9C-781D511FE2B5}
	EndGlobalSection
EndGlobal
